// !$*UTF8*$!
{
	archiveVersion = 1;
	classes = {
	};
	objectVersion = 48;
	objects = {

/* Begin PBXBuildFile section */
		4FE7F708208AFE550017C2F2 /* AppDelegate.swift in Sources */ = {isa = PBXBuildFile; fileRef = 4FE7F707208AFE550017C2F2 /* AppDelegate.swift */; };
		4FE7F70A208AFE550017C2F2 /* ViewController.swift in Sources */ = {isa = PBXBuildFile; fileRef = 4FE7F709208AFE550017C2F2 /* ViewController.swift */; };
		4FE7F70D208AFE550017C2F2 /* Main.storyboard in Resources */ = {isa = PBXBuildFile; fileRef = 4FE7F70B208AFE550017C2F2 /* Main.storyboard */; };
		4FE7F70F208AFE550017C2F2 /* Assets.xcassets in Resources */ = {isa = PBXBuildFile; fileRef = 4FE7F70E208AFE550017C2F2 /* Assets.xcassets */; };
		4FE7F712208AFE550017C2F2 /* LaunchScreen.storyboard in Resources */ = {isa = PBXBuildFile; fileRef = 4FE7F710208AFE550017C2F2 /* LaunchScreen.storyboard */; };
		4FE7F71A208B19810017C2F2 /* Task.swift in Sources */ = {isa = PBXBuildFile; fileRef = 4FE7F719208B19810017C2F2 /* Task.swift */; };
/* End PBXBuildFile section */

/* Begin PBXFileReference section */
		4FE7F704208AFE550017C2F2 /* Night Porter Table View.app */ = {isa = PBXFileReference; explicitFileType = wrapper.application; includeInIndex = 0; path = "Night Porter Table View.app"; sourceTree = BUILT_PRODUCTS_DIR; };
		4FE7F707208AFE550017C2F2 /* AppDelegate.swift */ = {isa = PBXFileReference; lastKnownFileType = sourcecode.swift; path = AppDelegate.swift; sourceTree = "<group>"; };
		4FE7F709208AFE550017C2F2 /* ViewController.swift */ = {isa = PBXFileReference; lastKnownFileType = sourcecode.swift; path = ViewController.swift; sourceTree = "<group>"; };
		4FE7F70C208AFE550017C2F2 /* Base */ = {isa = PBXFileReference; lastKnownFileType = file.storyboard; name = Base; path = Base.lproj/Main.storyboard; sourceTree = "<group>"; };
		4FE7F70E208AFE550017C2F2 /* Assets.xcassets */ = {isa = PBXFileReference; lastKnownFileType = folder.assetcatalog; path = Assets.xcassets; sourceTree = "<group>"; };
		4FE7F711208AFE550017C2F2 /* Base */ = {isa = PBXFileReference; lastKnownFileType = file.storyboard; name = Base; path = Base.lproj/LaunchScreen.storyboard; sourceTree = "<group>"; };
		4FE7F713208AFE550017C2F2 /* Info.plist */ = {isa = PBXFileReference; lastKnownFileType = text.plist.xml; path = Info.plist; sourceTree = "<group>"; };
		4FE7F719208B19810017C2F2 /* Task.swift */ = {isa = PBXFileReference; lastKnownFileType = sourcecode.swift; name = Task.swift; path = "Night Porter Table View/Task.swift"; sourceTree = "<group>"; };
/* End PBXFileReference section */

/* Begin PBXFrameworksBuildPhase section */
		4FE7F701208AFE550017C2F2 /* Frameworks */ = {
			isa = PBXFrameworksBuildPhase;
			buildActionMask = 2147483647;
			files = (
			);
			runOnlyForDeploymentPostprocessing = 0;
		};
/* End PBXFrameworksBuildPhase section */

/* Begin PBXGroup section */
		4FE7F6FB208AFE550017C2F2 = {
			isa = PBXGroup;
			children = (
				4FE7F719208B19810017C2F2 /* Task.swift */,
				4FE7F706208AFE550017C2F2 /* Night Porter Table View */,
				4FE7F705208AFE550017C2F2 /* Products */,
			);
			sourceTree = "<group>";
		};
		4FE7F705208AFE550017C2F2 /* Products */ = {
			isa = PBXGroup;
			children = (
				4FE7F704208AFE550017C2F2 /* Night Porter Table View.app */,
			);
			name = Products;
			sourceTree = "<group>";
		};
		4FE7F706208AFE550017C2F2 /* Night Porter Table View */ = {
			isa = PBXGroup;
			children = (
				4FE7F707208AFE550017C2F2 /* AppDelegate.swift */,
				4FE7F709208AFE550017C2F2 /* ViewController.swift */,
				4FE7F70B208AFE550017C2F2 /* Main.storyboard */,
				4FE7F70E208AFE550017C2F2 /* Assets.xcassets */,
				4FE7F710208AFE550017C2F2 /* LaunchScreen.storyboard */,
				4FE7F713208AFE550017C2F2 /* Info.plist */,
			);
			path = "Night Porter Table View";
			sourceTree = "<group>";
		};
/* End PBXGroup section */

/* Begin PBXNativeTarget section */
		4FE7F703208AFE550017C2F2 /* Night Porter Table View */ = {
			isa = PBXNativeTarget;
			buildConfigurationList = 4FE7F716208AFE550017C2F2 /* Build configuration list for PBXNativeTarget "Night Porter Table View" */;
			buildPhases = (
				4FE7F700208AFE550017C2F2 /* Sources */,
				4FE7F701208AFE550017C2F2 /* Frameworks */,
				4FE7F702208AFE550017C2F2 /* Resources */,
			);
			buildRules = (
			);
			dependencies = (
			);
			name = "Night Porter Table View";
			productName = "Night Porter Table View";
			productReference = 4FE7F704208AFE550017C2F2 /* Night Porter Table View.app */;
			productType = "com.apple.product-type.application";
		};
/* End PBXNativeTarget section */

/* Begin PBXProject section */
		4FE7F6FC208AFE550017C2F2 /* Project object */ = {
			isa = PBXProject;
			attributes = {
				LastSwiftUpdateCheck = 0920;
				LastUpgradeCheck = 0920;
				ORGANIZATIONNAME = "Pringgle Media";
				TargetAttributes = {
					4FE7F703208AFE550017C2F2 = {
						CreatedOnToolsVersion = 9.2;
						ProvisioningStyle = Automatic;
					};
				};
			};
			buildConfigurationList = 4FE7F6FF208AFE550017C2F2 /* Build configuration list for PBXProject "Night Porter Table View" */;
			compatibilityVersion = "Xcode 8.0";
			developmentRegion = en;
			hasScannedForEncodings = 0;
			knownRegions = (
				en,
				Base,
			);
			mainGroup = 4FE7F6FB208AFE550017C2F2;
			productRefGroup = 4FE7F705208AFE550017C2F2 /* Products */;
			projectDirPath = "";
			projectRoot = "";
			targets = (
				4FE7F703208AFE550017C2F2 /* Night Porter Table View */,
			);
		};
/* End PBXProject section */

/* Begin PBXResourcesBuildPhase section */
		4FE7F702208AFE550017C2F2 /* Resources */ = {
			isa = PBXResourcesBuildPhase;
			buildActionMask = 2147483647;
			files = (
				4FE7F712208AFE550017C2F2 /* LaunchScreen.storyboard in Resources */,
				4FE7F70F208AFE550017C2F2 /* Assets.xcassets in Resources */,
				4FE7F70D208AFE550017C2F2 /* Main.storyboard in Resources */,
			);
			runOnlyForDeploymentPostprocessing = 0;
		};
/* End PBXResourcesBuildPhase section */

/* Begin PBXSourcesBuildPhase section */
		4FE7F700208AFE550017C2F2 /* Sources */ = {
			isa = PBXSourcesBuildPhase;
			buildActionMask = 2147483647;
			files = (
				4FE7F70A208AFE550017C2F2 /* ViewController.swift in Sources */,
				4FE7F71A208B19810017C2F2 /* Task.swift in Sources */,
				4FE7F708208AFE550017C2F2 /* AppDelegate.swift in Sources */,
			);
			runOnlyForDeploymentPostprocessing = 0;
		};
/* End PBXSourcesBuildPhase section */

/* Begin PBXVariantGroup section */
		4FE7F70B208AFE550017C2F2 /* Main.storyboard */ = {
			isa = PBXVariantGroup;
			children = (
				4FE7F70C208AFE550017C2F2 /* Base */,
			);
			name = Main.storyboard;
			sourceTree = "<group>";
		};
		4FE7F710208AFE550017C2F2 /* LaunchScreen.storyboard */ = {
			isa = PBXVariantGroup;
			children = (
				4FE7F711208AFE550017C2F2 /* Base */,
			);
			name = LaunchScreen.storyboard;
			sourceTree = "<group>";
		};
/* End PBXVariantGroup section */

/* Begin XCBuildConfiguration section */
		4FE7F714208AFE550017C2F2 /* Debug */ = {
			isa = XCBuildConfiguration;
			buildSettings = {
				ALWAYS_SEARCH_USER_PATHS = NO;
				CLANG_ANALYZER_NONNULL = YES;
				CLANG_ANALYZER_NUMBER_OBJECT_CONVERSION = YES_AGGRESSIVE;
				CLANG_CXX_LANGUAGE_STANDARD = "gnu++14";
				CLANG_CXX_LIBRARY = "libc++";
				CLANG_ENABLE_MODULES = YES;
				CLANG_ENABLE_OBJC_ARC = YES;
				CLANG_WARN_BLOCK_CAPTURE_AUTORELEASING = YES;
				CLANG_WARN_BOOL_CONVERSION = YES;
				CLANG_WARN_COMMA = YES;
				CLANG_WARN_CONSTANT_CONVERSION = YES;
				CLANG_WARN_DIRECT_OBJC_ISA_USAGE = YES_ERROR;
				CLANG_WARN_DOCUMENTATION_COMMENTS = YES;
				CLANG_WARN_EMPTY_BODY = YES;
				CLANG_WARN_ENUM_CONVERSION = YES;
				CLANG_WARN_INFINITE_RECURSION = YES;
				CLANG_WARN_INT_CONVERSION = YES;
				CLANG_WARN_NON_LITERAL_NULL_CONVERSION = YES;
				CLANG_WARN_OBJC_LITERAL_CONVERSION = YES;
				CLANG_WARN_OBJC_ROOT_CLASS = YES_ERROR;
				CLANG_WARN_RANGE_LOOP_ANALYSIS = YES;
				CLANG_WARN_STRICT_PROTOTYPES = YES;
				CLANG_WARN_SUSPICIOUS_MOVE = YES;
				CLANG_WARN_UNGUARDED_AVAILABILITY = YES_AGGRESSIVE;
				CLANG_WARN_UNREACHABLE_CODE = YES;
				CLANG_WARN__DUPLICATE_METHOD_MATCH = YES;
				CODE_SIGN_IDENTITY = "iPhone Developer";
				COPY_PHASE_STRIP = NO;
				DEBUG_INFORMATION_FORMAT = dwarf;
				ENABLE_STRICT_OBJC_MSGSEND = YES;
				ENABLE_TESTABILITY = YES;
				GCC_C_LANGUAGE_STANDARD = gnu11;
				GCC_DYNAMIC_NO_PIC = NO;
				GCC_NO_COMMON_BLOCKS = YES;
				GCC_OPTIMIZATION_LEVEL = 0;
				GCC_PREPROCESSOR_DEFINITIONS = (
					"DEBUG=1",
					"$(inherited)",
				);
				GCC_WARN_64_TO_32_BIT_CONVERSION = YES;
				GCC_WARN_ABOUT_RETURN_TYPE = YES_ERROR;
				GCC_WARN_UNDECLARED_SELECTOR = YES;
				GCC_WARN_UNINITIALIZED_AUTOS = YES_AGGRESSIVE;
				GCC_WARN_UNUSED_FUNCTION = YES;
				GCC_WARN_UNUSED_VARIABLE = YES;
				IPHONEOS_DEPLOYMENT_TARGET = 11.2;
				MTL_ENABLE_DEBUG_INFO = YES;
				ONLY_ACTIVE_ARCH = YES;
				SDKROOT = iphoneos;
				SWIFT_ACTIVE_COMPILATION_CONDITIONS = DEBUG;
				SWIFT_OPTIMIZATION_LEVEL = "-Onone";
			};
			name = Debug;
		};
		4FE7F715208AFE550017C2F2 /* Release */ = {
			isa = XCBuildConfiguration;
			buildSettings = {
				ALWAYS_SEARCH_USER_PATHS = NO;
				CLANG_ANALYZER_NONNULL = YES;
				CLANG_ANALYZER_NUMBER_OBJECT_CONVERSION = YES_AGGRESSIVE;
				CLANG_CXX_LANGUAGE_STANDARD = "gnu++14";
				CLANG_CXX_LIBRARY = "libc++";
				CLANG_ENABLE_MODULES = YES;
				CLANG_ENABLE_OBJC_ARC = YES;
				CLANG_WARN_BLOCK_CAPTURE_AUTORELEASING = YES;
				CLANG_WARN_BOOL_CONVERSION = YES;
				CLANG_WARN_COMMA = YES;
				CLANG_WARN_CONSTANT_CONVERSION = YES;
				CLANG_WARN_DIRECT_OBJC_ISA_USAGE = YES_ERROR;
				CLANG_WARN_DOCUMENTATION_COMMENTS = YES;
				CLANG_WARN_EMPTY_BODY = YES;
				CLANG_WARN_ENUM_CONVERSION = YES;
				CLANG_WARN_INFINITE_RECURSION = YES;
				CLANG_WARN_INT_CONVERSION = YES;
				CLANG_WARN_NON_LITERAL_NULL_CONVERSION = YES;
				CLANG_WARN_OBJC_LITERAL_CONVERSION = YES;
				CLANG_WARN_OBJC_ROOT_CLASS = YES_ERROR;
				CLANG_WARN_RANGE_LOOP_ANALYSIS = YES;
				CLANG_WARN_STRICT_PROTOTYPES = YES;
				CLANG_WARN_SUSPICIOUS_MOVE = YES;
				CLANG_WARN_UNGUARDED_AVAILABILITY = YES_AGGRESSIVE;
				CLANG_WARN_UNREACHABLE_CODE = YES;
				CLANG_WARN__DUPLICATE_METHOD_MATCH = YES;
				CODE_SIGN_IDENTITY = "iPhone Developer";
				COPY_PHASE_STRIP = NO;
				DEBUG_INFORMATION_FORMAT = "dwarf-with-dsym";
				ENABLE_NS_ASSERTIONS = NO;
				ENABLE_STRICT_OBJC_MSGSEND = YES;
				GCC_C_LANGUAGE_STANDARD = gnu11;
				GCC_NO_COMMON_BLOCKS = YES;
				GCC_WARN_64_TO_32_BIT_CONVERSION = YES;
				GCC_WARN_ABOUT_RETURN_TYPE = YES_ERROR;
				GCC_WARN_UNDECLARED_SELECTOR = YES;
				GCC_WARN_UNINITIALIZED_AUTOS = YES_AGGRESSIVE;
				GCC_WARN_UNUSED_FUNCTION = YES;
				GCC_WARN_UNUSED_VARIABLE = YES;
				IPHONEOS_DEPLOYMENT_TARGET = 11.2;
				MTL_ENABLE_DEBUG_INFO = NO;
				SDKROOT = iphoneos;
				SWIFT_OPTIMIZATION_LEVEL = "-Owholemodule";
				VALIDATE_PRODUCT = YES;
			};
			name = Release;
		};
		4FE7F717208AFE550017C2F2 /* Debug */ = {
			isa = XCBuildConfiguration;
			buildSettings = {
				ASSETCATALOG_COMPILER_APPICON_NAME = AppIcon;
				CODE_SIGN_STYLE = Automatic;
				INFOPLIST_FILE = "Night Porter Table View/Info.plist";
				LD_RUNPATH_SEARCH_PATHS = "$(inherited) @executable_path/Frameworks";
				PRODUCT_BUNDLE_IDENTIFIER = "com.pringgle.Night-Porter-Table-View";
				PRODUCT_NAME = "$(TARGET_NAME)";
				SWIFT_VERSION = 4.0;
				TARGETED_DEVICE_FAMILY = "1,2";
			};
			name = Debug;
		};
		4FE7F718208AFE550017C2F2 /* Release */ = {
			isa = XCBuildConfiguration;
			buildSettings = {
				ASSETCATALOG_COMPILER_APPICON_NAME = AppIcon;
				CODE_SIGN_STYLE = Automatic;
				INFOPLIST_FILE = "Night Porter Table View/Info.plist";
				LD_RUNPATH_SEARCH_PATHS = "$(inherited) @executable_path/Frameworks";
				PRODUCT_BUNDLE_IDENTIFIER = "com.pringgle.Night-Porter-Table-View";
				PRODUCT_NAME = "$(TARGET_NAME)";
				SWIFT_VERSION = 4.0;
				TARGETED_DEVICE_FAMILY = "1,2";
			};
			name = Release;
		};
/* End XCBuildConfiguration section */

/* Begin XCConfigurationList section */
		4FE7F6FF208AFE550017C2F2 /* Build configuration list for PBXProject "Night Porter Table View" */ = {
			isa = XCConfigurationList;
			buildConfigurations = (
				4FE7F714208AFE550017C2F2 /* Debug */,
				4FE7F715208AFE550017C2F2 /* Release */,
			);
			defaultConfigurationIsVisible = 0;
			defaultConfigurationName = Release;
		};
		4FE7F716208AFE550017C2F2 /* Build configuration list for PBXNativeTarget "Night Porter Table View" */ = {
			isa = XCConfigurationList;
			buildConfigurations = (
				4FE7F717208AFE550017C2F2 /* Debug */,
				4FE7F718208AFE550017C2F2 /* Release */,
			);
			defaultConfigurationIsVisible = 0;
			defaultConfigurationName = Release;
		};
/* End XCConfigurationList section */
	};
	rootObject = 4FE7F6FC208AFE550017C2F2 /* Project object */;
}
